
Microsoft Visual Studio Solution File, Format Version 12.00
# Visual Studio Version 17
VisualStudioVersion = 17.9.34902.65
MinimumVisualStudioVersion = 10.0.40219.1
Project("{FAE04EC0-301F-11D3-BF4B-00C04F79EFBC}") = "deneme", "deneme\deneme.csproj", "{7C22726A-E5F0-462F-942E-6C12FBFD0DFE}"
EndProject
Global
	GlobalSection(SolutionConfigurationPlatforms) = preSolution
		Debug|Any CPU = Debug|Any CPU
		Release|Any CPU = Release|Any CPU
	EndGlobalSection
	GlobalSection(ProjectConfigurationPlatforms) = postSolution
		{7C22726A-E5F0-462F-942E-6C12FBFD0DFE}.Debug|Any CPU.ActiveCfg = Debug|Any CPU
		{7C22726A-E5F0-462F-942E-6C12FBFD0DFE}.Debug|Any CPU.Build.0 = Debug|Any CPU
		{7C22726A-E5F0-462F-942E-6C12FBFD0DFE}.Release|Any CPU.ActiveCfg = Release|Any CPU
		{7C22726A-E5F0-462F-942E-6C12FBFD0DFE}.Release|Any CPU.Build.0 = Release|Any CPU
	EndGlobalSection
	GlobalSection(SolutionProperties) = preSolution
		HideSolutionNode = FALSE
	EndGlobalSection
	GlobalSection(ExtensibilityGlobals) = postSolution
		SolutionGuid = {72BC21FB-E4EA-4BE6-85FE-12DBB5857FA1}
	EndGlobalSection
EndGlobal
